
Microsoft Visual Studio Solution File, Format Version 12.00
# Visual Studio Version 17
VisualStudioVersion = 17.0.31903.59
MinimumVisualStudioVersion = 10.0.40219.1
Project("{2150E333-8FDC-42A3-9474-1A3956D46DE8}") = "src", "src", "{827E0CD3-B72D-47B6-A68D-7590B98EB39B}"
EndProject
Project("{FAE04EC0-301F-11D3-BF4B-00C04F79EFBC}") = "IncidentHub.Api", "src\IncidentHub.Api\IncidentHub.Api.csproj", "{0CD6D3BA-87A3-4FD3-A3C5-6222B9534A5F}"
EndProject
Project("{FAE04EC0-301F-11D3-BF4B-00C04F79EFBC}") = "IncidentHub.Application", "src\IncidentHub.Application\IncidentHub.Application.csproj", "{FFFAE0E7-61DC-42CE-9F42-6002C2F03B33}"
EndProject
Project("{FAE04EC0-301F-11D3-BF4B-00C04F79EFBC}") = "IncidentHub.Domain", "src\IncidentHub.Domain\IncidentHub.Domain.csproj", "{5EFA089E-B350-4D5C-840E-4A258CF005E2}"
EndProject
Project("{FAE04EC0-301F-11D3-BF4B-00C04F79EFBC}") = "IncidentHub.Infrastructure", "src\IncidentHub.Infrastructure\IncidentHub.Infrastructure.csproj", "{50217A95-A51D-4376-B5E6-325E52AE852E}"
EndProject
Project("{FAE04EC0-301F-11D3-BF4B-00C04F79EFBC}") = "IncidentHub.Mcp", "src\IncidentHub.Mcp\IncidentHub.Mcp.csproj", "{6AC4A3C5-D771-4E4E-BD93-4B858767FB9A}"
EndProject
Project("{2150E333-8FDC-42A3-9474-1A3956D46DE8}") = "tests", "tests", "{0AB3BF05-4346-4AA6-1389-037BE0695223}"
EndProject
Project("{FAE04EC0-301F-11D3-BF4B-00C04F79EFBC}") = "IncidentHub.UnitTests", "tests\IncidentHub.UnitTests\IncidentHub.UnitTests.csproj", "{EF5E17F2-3724-4B78-AB14-90F554F08B75}"
EndProject
Project("{FAE04EC0-301F-11D3-BF4B-00C04F79EFBC}") = "IncidentHub.IntegrationTests", "tests\IncidentHub.IntegrationTests\IncidentHub.IntegrationTests.csproj", "{0A7ADDFC-C3E7-4113-9C58-23867ACB8A34}"
EndProject
Global
	GlobalSection(SolutionConfigurationPlatforms) = preSolution
		Debug|Any CPU = Debug|Any CPU
		Debug|x64 = Debug|x64
		Debug|x86 = Debug|x86
		Release|Any CPU = Release|Any CPU
		Release|x64 = Release|x64
		Release|x86 = Release|x86
	EndGlobalSection
	GlobalSection(ProjectConfigurationPlatforms) = postSolution
		{0CD6D3BA-87A3-4FD3-A3C5-6222B9534A5F}.Debug|Any CPU.ActiveCfg = Debug|Any CPU
		{0CD6D3BA-87A3-4FD3-A3C5-6222B9534A5F}.Debug|Any CPU.Build.0 = Debug|Any CPU
		{0CD6D3BA-87A3-4FD3-A3C5-6222B9534A5F}.Debug|x64.ActiveCfg = Debug|Any CPU
		{0CD6D3BA-87A3-4FD3-A3C5-6222B9534A5F}.Debug|x64.Build.0 = Debug|Any CPU
		{0CD6D3BA-87A3-4FD3-A3C5-6222B9534A5F}.Debug|x86.ActiveCfg = Debug|Any CPU
		{0CD6D3BA-87A3-4FD3-A3C5-6222B9534A5F}.Debug|x86.Build.0 = Debug|Any CPU
		{0CD6D3BA-87A3-4FD3-A3C5-6222B9534A5F}.Release|Any CPU.ActiveCfg = Release|Any CPU
		{0CD6D3BA-87A3-4FD3-A3C5-6222B9534A5F}.Release|Any CPU.Build.0 = Release|Any CPU
		{0CD6D3BA-87A3-4FD3-A3C5-6222B9534A5F}.Release|x64.ActiveCfg = Release|Any CPU
		{0CD6D3BA-87A3-4FD3-A3C5-6222B9534A5F}.Release|x64.Build.0 = Release|Any CPU
		{0CD6D3BA-87A3-4FD3-A3C5-6222B9534A5F}.Release|x86.ActiveCfg = Release|Any CPU
		{0CD6D3BA-87A3-4FD3-A3C5-6222B9534A5F}.Release|x86.Build.0 = Release|Any CPU
		{FFFAE0E7-61DC-42CE-9F42-6002C2F03B33}.Debug|Any CPU.ActiveCfg = Debug|Any CPU
		{FFFAE0E7-61DC-42CE-9F42-6002C2F03B33}.Debug|Any CPU.Build.0 = Debug|Any CPU
		{FFFAE0E7-61DC-42CE-9F42-6002C2F03B33}.Debug|x64.ActiveCfg = Debug|Any CPU
		{FFFAE0E7-61DC-42CE-9F42-6002C2F03B33}.Debug|x64.Build.0 = Debug|Any CPU
		{FFFAE0E7-61DC-42CE-9F42-6002C2F03B33}.Debug|x86.ActiveCfg = Debug|Any CPU
		{FFFAE0E7-61DC-42CE-9F42-6002C2F03B33}.Debug|x86.Build.0 = Debug|Any CPU
		{FFFAE0E7-61DC-42CE-9F42-6002C2F03B33}.Release|Any CPU.ActiveCfg = Release|Any CPU
		{FFFAE0E7-61DC-42CE-9F42-6002C2F03B33}.Release|Any CPU.Build.0 = Release|Any CPU
		{FFFAE0E7-61DC-42CE-9F42-6002C2F03B33}.Release|x64.ActiveCfg = Release|Any CPU
		{FFFAE0E7-61DC-42CE-9F42-6002C2F03B33}.Release|x64.Build.0 = Release|Any CPU
		{FFFAE0E7-61DC-42CE-9F42-6002C2F03B33}.Release|x86.ActiveCfg = Release|Any CPU
		{FFFAE0E7-61DC-42CE-9F42-6002C2F03B33}.Release|x86.Build.0 = Release|Any CPU
		{5EFA089E-B350-4D5C-840E-4A258CF005E2}.Debug|Any CPU.ActiveCfg = Debug|Any CPU
		{5EFA089E-B350-4D5C-840E-4A258CF005E2}.Debug|Any CPU.Build.0 = Debug|Any CPU
		{5EFA089E-B350-4D5C-840E-4A258CF005E2}.Debug|x64.ActiveCfg = Debug|Any CPU
		{5EFA089E-B350-4D5C-840E-4A258CF005E2}.Debug|x64.Build.0 = Debug|Any CPU
		{5EFA089E-B350-4D5C-840E-4A258CF005E2}.Debug|x86.ActiveCfg = Debug|Any CPU
		{5EFA089E-B350-4D5C-840E-4A258CF005E2}.Debug|x86.Build.0 = Debug|Any CPU
		{5EFA089E-B350-4D5C-840E-4A258CF005E2}.Release|Any CPU.ActiveCfg = Release|Any CPU
		{5EFA089E-B350-4D5C-840E-4A258CF005E2}.Release|Any CPU.Build.0 = Release|Any CPU
		{5EFA089E-B350-4D5C-840E-4A258CF005E2}.Release|x64.ActiveCfg = Release|Any CPU
		{5EFA089E-B350-4D5C-840E-4A258CF005E2}.Release|x64.Build.0 = Release|Any CPU
		{5EFA089E-B350-4D5C-840E-4A258CF005E2}.Release|x86.ActiveCfg = Release|Any CPU
		{5EFA089E-B350-4D5C-840E-4A258CF005E2}.Release|x86.Build.0 = Release|Any CPU
		{50217A95-A51D-4376-B5E6-325E52AE852E}.Debug|Any CPU.ActiveCfg = Debug|Any CPU
		{50217A95-A51D-4376-B5E6-325E52AE852E}.Debug|Any CPU.Build.0 = Debug|Any CPU
		{50217A95-A51D-4376-B5E6-325E52AE852E}.Debug|x64.ActiveCfg = Debug|Any CPU
		{50217A95-A51D-4376-B5E6-325E52AE852E}.Debug|x64.Build.0 = Debug|Any CPU
		{50217A95-A51D-4376-B5E6-325E52AE852E}.Debug|x86.ActiveCfg = Debug|Any CPU
		{50217A95-A51D-4376-B5E6-325E52AE852E}.Debug|x86.Build.0 = Debug|Any CPU
		{50217A95-A51D-4376-B5E6-325E52AE852E}.Release|Any CPU.ActiveCfg = Release|Any CPU
		{50217A95-A51D-4376-B5E6-325E52AE852E}.Release|Any CPU.Build.0 = Release|Any CPU
		{50217A95-A51D-4376-B5E6-325E52AE852E}.Release|x64.ActiveCfg = Release|Any CPU
		{50217A95-A51D-4376-B5E6-325E52AE852E}.Release|x64.Build.0 = Release|Any CPU
		{50217A95-A51D-4376-B5E6-325E52AE852E}.Release|x86.ActiveCfg = Release|Any CPU
		{50217A95-A51D-4376-B5E6-325E52AE852E}.Release|x86.Build.0 = Release|Any CPU
		{6AC4A3C5-D771-4E4E-BD93-4B858767FB9A}.Debug|Any CPU.ActiveCfg = Debug|Any CPU
		{6AC4A3C5-D771-4E4E-BD93-4B858767FB9A}.Debug|Any CPU.Build.0 = Debug|Any CPU
		{6AC4A3C5-D771-4E4E-BD93-4B858767FB9A}.Debug|x64.ActiveCfg = Debug|Any CPU
		{6AC4A3C5-D771-4E4E-BD93-4B858767FB9A}.Debug|x64.Build.0 = Debug|Any CPU
		{6AC4A3C5-D771-4E4E-BD93-4B858767FB9A}.Debug|x86.ActiveCfg = Debug|Any CPU
		{6AC4A3C5-D771-4E4E-BD93-4B858767FB9A}.Debug|x86.Build.0 = Debug|Any CPU
		{6AC4A3C5-D771-4E4E-BD93-4B858767FB9A}.Release|Any CPU.ActiveCfg = Release|Any CPU
		{6AC4A3C5-D771-4E4E-BD93-4B858767FB9A}.Release|Any CPU.Build.0 = Release|Any CPU
		{6AC4A3C5-D771-4E4E-BD93-4B858767FB9A}.Release|x64.ActiveCfg = Release|Any CPU
		{6AC4A3C5-D771-4E4E-BD93-4B858767FB9A}.Release|x64.Build.0 = Release|Any CPU
		{6AC4A3C5-D771-4E4E-BD93-4B858767FB9A}.Release|x86.ActiveCfg = Release|Any CPU
		{6AC4A3C5-D771-4E4E-BD93-4B858767FB9A}.Release|x86.Build.0 = Release|Any CPU
		{EF5E17F2-3724-4B78-AB14-90F554F08B75}.Debug|Any CPU.ActiveCfg = Debug|Any CPU
		{EF5E17F2-3724-4B78-AB14-90F554F08B75}.Debug|Any CPU.Build.0 = Debug|Any CPU
		{EF5E17F2-3724-4B78-AB14-90F554F08B75}.Debug|x64.ActiveCfg = Debug|Any CPU
		{EF5E17F2-3724-4B78-AB14-90F554F08B75}.Debug|x64.Build.0 = Debug|Any CPU
		{EF5E17F2-3724-4B78-AB14-90F554F08B75}.Debug|x86.ActiveCfg = Debug|Any CPU
		{EF5E17F2-3724-4B78-AB14-90F554F08B75}.Debug|x86.Build.0 = Debug|Any CPU
		{EF5E17F2-3724-4B78-AB14-90F554F08B75}.Release|Any CPU.ActiveCfg = Release|Any CPU
		{EF5E17F2-3724-4B78-AB14-90F554F08B75}.Release|Any CPU.Build.0 = Release|Any CPU
		{EF5E17F2-3724-4B78-AB14-90F554F08B75}.Release|x64.ActiveCfg = Release|Any CPU
		{EF5E17F2-3724-4B78-AB14-90F554F08B75}.Release|x64.Build.0 = Release|Any CPU
		{EF5E17F2-3724-4B78-AB14-90F554F08B75}.Release|x86.ActiveCfg = Release|Any CPU
		{EF5E17F2-3724-4B78-AB14-90F554F08B75}.Release|x86.Build.0 = Release|Any CPU
		{0A7ADDFC-C3E7-4113-9C58-23867ACB8A34}.Debug|Any CPU.ActiveCfg = Debug|Any CPU
		{0A7ADDFC-C3E7-4113-9C58-23867ACB8A34}.Debug|Any CPU.Build.0 = Debug|Any CPU
		{0A7ADDFC-C3E7-4113-9C58-23867ACB8A34}.Debug|x64.ActiveCfg = Debug|Any CPU
		{0A7ADDFC-C3E7-4113-9C58-23867ACB8A34}.Debug|x64.Build.0 = Debug|Any CPU
		{0A7ADDFC-C3E7-4113-9C58-23867ACB8A34}.Debug|x86.ActiveCfg = Debug|Any CPU
		{0A7ADDFC-C3E7-4113-9C58-23867ACB8A34}.Debug|x86.Build.0 = Debug|Any CPU
		{0A7ADDFC-C3E7-4113-9C58-23867ACB8A34}.Release|Any CPU.ActiveCfg = Release|Any CPU
		{0A7ADDFC-C3E7-4113-9C58-23867ACB8A34}.Release|Any CPU.Build.0 = Release|Any CPU
		{0A7ADDFC-C3E7-4113-9C58-23867ACB8A34}.Release|x64.ActiveCfg = Release|Any CPU
		{0A7ADDFC-C3E7-4113-9C58-23867ACB8A34}.Release|x64.Build.0 = Release|Any CPU
		{0A7ADDFC-C3E7-4113-9C58-23867ACB8A34}.Release|x86.ActiveCfg = Release|Any CPU
		{0A7ADDFC-C3E7-4113-9C58-23867ACB8A34}.Release|x86.Build.0 = Release|Any CPU
	EndGlobalSection
	GlobalSection(SolutionProperties) = preSolution
		HideSolutionNode = FALSE
	EndGlobalSection
	GlobalSection(NestedProjects) = preSolution
		{0CD6D3BA-87A3-4FD3-A3C5-6222B9534A5F} = {827E0CD3-B72D-47B6-A68D-7590B98EB39B}
		{FFFAE0E7-61DC-42CE-9F42-6002C2F03B33} = {827E0CD3-B72D-47B6-A68D-7590B98EB39B}
		{5EFA089E-B350-4D5C-840E-4A258CF005E2} = {827E0CD3-B72D-47B6-A68D-7590B98EB39B}
		{50217A95-A51D-4376-B5E6-325E52AE852E} = {827E0CD3-B72D-47B6-A68D-7590B98EB39B}
		{6AC4A3C5-D771-4E4E-BD93-4B858767FB9A} = {827E0CD3-B72D-47B6-A68D-7590B98EB39B}
		{EF5E17F2-3724-4B78-AB14-90F554F08B75} = {0AB3BF05-4346-4AA6-1389-037BE0695223}
		{0A7ADDFC-C3E7-4113-9C58-23867ACB8A34} = {0AB3BF05-4346-4AA6-1389-037BE0695223}
	EndGlobalSection
EndGlobal
